{
  "name": "jsjoda_testing",
  "version": "1.0.0",
  "lockfileVersion": 2,
  "requires": true,
  "packages": {
    "": {
      "name": "jsjoda_testing",
      "version": "1.0.0",
      "license": "ISC",
      "dependencies": {
        "@js-joda/core": "^5.4.2",
        "@js-joda/timezone": "^2.15.0"
      },
      "devDependencies": {
        "@types/node": "^18.11.13",
        "typescript": "^4.9.4"
      }
    },
    "node_modules/@js-joda/core": {
      "version": "5.4.2",
      "resolved": "https://registry.npmjs.org/@js-joda/core/-/core-5.4.2.tgz",
      "integrity": "sha512-QIDIZ9a0NfDStgD47VaTgwiPjlw1p4QPLwjOB/9+/DqIztoQopPNNAd+HdtQMHgE+ibP3dJacd8/TVL/A1RaaA=="
    },
    "node_modules/@js-joda/timezone": {
      "version": "2.15.0",
      "resolved": "https://registry.npmjs.org/@js-joda/timezone/-/timezone-2.15.0.tgz",
      "integrity": "sha512-J7afu2PNR71IUvhZW4IBX+BpuuTESk9A1UklZz6T3g3yBsVER60lLueHop1iMXbqnTh85qPQ7NVRbgSYKK4BcA==",
      "peerDependencies": {
        "@js-joda/core": ">=1.11.0"
      }
    },
    "node_modules/@types/node": {
      "version": "18.11.13",
      "resolved": "https://registry.npmjs.org/@types/node/-/node-18.11.13.tgz",
      "integrity": "sha512-IASpMGVcWpUsx5xBOrxMj7Bl8lqfuTY7FKAnPmu5cHkfQVWF8GulWS1jbRqA934qZL35xh5xN/+Xe/i26Bod4w==",
      "dev": true
    },
    "node_modules/typescript": {
      "version": "4.9.4",
      "resolved": "https://registry.npmjs.org/typescript/-/typescript-4.9.4.tgz",
      "integrity": "sha512-Uz+dTXYzxXXbsFpM86Wh3dKCxrQqUcVMxwU54orwlJjOpO3ao8L7j5lH+dWfTwgCwIuM9GQ2kvVotzYJMXTBZg==",
      "dev": true,
      "bin": {
        "tsc": "bin/tsc",
        "tsserver": "bin/tsserver"
      },
      "engines": {
        "node": ">=4.2.0"
      }
    }
  },
  "dependencies": {
    "@js-joda/core": {
      "version": "5.4.2",
      "resolved": "https://registry.npmjs.org/@js-joda/core/-/core-5.4.2.tgz",
      "integrity": "sha512-QIDIZ9a0NfDStgD47VaTgwiPjlw1p4QPLwjOB/9+/DqIztoQopPNNAd+HdtQMHgE+ibP3dJacd8/TVL/A1RaaA=="
    },
    "@js-joda/timezone": {
      "version": "2.15.0",
      "resolved": "https://registry.npmjs.org/@js-joda/timezone/-/timezone-2.15.0.tgz",
      "integrity": "sha512-J7afu2PNR71IUvhZW4IBX+BpuuTESk9A1UklZz6T3g3yBsVER60lLueHop1iMXbqnTh85qPQ7NVRbgSYKK4BcA==",
      "requires": {}
    },
    "@types/node": {
      "version": "18.11.13",
      "resolved": "https://registry.npmjs.org/@types/node/-/node-18.11.13.tgz",
      "integrity": "sha512-IASpMGVcWpUsx5xBOrxMj7Bl8lqfuTY7FKAnPmu5cHkfQVWF8GulWS1jbRqA934qZL35xh5xN/+Xe/i26Bod4w==",
      "dev": true
    },
    "typescript": {
      "version": "4.9.4",
      "resolved": "https://registry.npmjs.org/typescript/-/typescript-4.9.4.tgz",
      "integrity": "sha512-Uz+dTXYzxXXbsFpM86Wh3dKCxrQqUcVMxwU54orwlJjOpO3ao8L7j5lH+dWfTwgCwIuM9GQ2kvVotzYJMXTBZg==",
      "dev": true
    }
  }
}
